
Microsoft Visual Studio Solution File, Format Version 12.00
# Visual Studio Version 17
VisualStudioVersion = 17.8.34309.116
MinimumVisualStudioVersion = 10.0.40219.1
Project("{FAE04EC0-301F-11D3-BF4B-00C04F79EFBC}") = "DividingPositiveNumbers1", "DividingPositiveNumbers1\DividingPositiveNumbers1.csproj", "{C665A614-4F8F-4976-AEBE-D03DBE802511}"
EndProject
Global
	GlobalSection(SolutionConfigurationPlatforms) = preSolution
		Debug|Any CPU = Debug|Any CPU
		Release|Any CPU = Release|Any CPU
	EndGlobalSection
	GlobalSection(ProjectConfigurationPlatforms) = postSolution
		{C665A614-4F8F-4976-AEBE-D03DBE802511}.Debug|Any CPU.ActiveCfg = Debug|Any CPU
		{C665A614-4F8F-4976-AEBE-D03DBE802511}.Debug|Any CPU.Build.0 = Debug|Any CPU
		{C665A614-4F8F-4976-AEBE-D03DBE802511}.Release|Any CPU.ActiveCfg = Release|Any CPU
		{C665A614-4F8F-4976-AEBE-D03DBE802511}.Release|Any CPU.Build.0 = Release|Any CPU
	EndGlobalSection
	GlobalSection(SolutionProperties) = preSolution
		HideSolutionNode = FALSE
	EndGlobalSection
	GlobalSection(ExtensibilityGlobals) = postSolution
		SolutionGuid = {922A51B9-78F9-41C8-BEE1-937E943E81AD}
	EndGlobalSection
EndGlobal
