
Microsoft Visual Studio Solution File, Format Version 12.00
# Visual Studio Version 17
VisualStudioVersion = 17.7.34221.43
MinimumVisualStudioVersion = 10.0.40219.1
Project("{FAE04EC0-301F-11D3-BF4B-00C04F79EFBC}") = "SumOfSquaresOfTwoNumbers1", "SumOfSquaresOfTwoNumbers1\SumOfSquaresOfTwoNumbers1.csproj", "{72A65410-C7B3-4349-BD5B-8FF1E2B3BE07}"
EndProject
Global
	GlobalSection(SolutionConfigurationPlatforms) = preSolution
		Debug|Any CPU = Debug|Any CPU
		Release|Any CPU = Release|Any CPU
	EndGlobalSection
	GlobalSection(ProjectConfigurationPlatforms) = postSolution
		{72A65410-C7B3-4349-BD5B-8FF1E2B3BE07}.Debug|Any CPU.ActiveCfg = Debug|Any CPU
		{72A65410-C7B3-4349-BD5B-8FF1E2B3BE07}.Debug|Any CPU.Build.0 = Debug|Any CPU
		{72A65410-C7B3-4349-BD5B-8FF1E2B3BE07}.Release|Any CPU.ActiveCfg = Release|Any CPU
		{72A65410-C7B3-4349-BD5B-8FF1E2B3BE07}.Release|Any CPU.Build.0 = Release|Any CPU
	EndGlobalSection
	GlobalSection(SolutionProperties) = preSolution
		HideSolutionNode = FALSE
	EndGlobalSection
	GlobalSection(ExtensibilityGlobals) = postSolution
		SolutionGuid = {B8028552-DADF-4660-8959-1988F7B4F830}
	EndGlobalSection
EndGlobal
