
Microsoft Visual Studio Solution File, Format Version 12.00
# Visual Studio Version 17
VisualStudioVersion = 17.8.34309.116
MinimumVisualStudioVersion = 10.0.40219.1
Project("{FAE04EC0-301F-11D3-BF4B-00C04F79EFBC}") = "CheckingTheSumOfCubes1", "CheckingTheSumOfCubes1\CheckingTheSumOfCubes1.csproj", "{E1068970-397C-45F5-873A-72DFC8890C8E}"
EndProject
Global
	GlobalSection(SolutionConfigurationPlatforms) = preSolution
		Debug|Any CPU = Debug|Any CPU
		Release|Any CPU = Release|Any CPU
	EndGlobalSection
	GlobalSection(ProjectConfigurationPlatforms) = postSolution
		{E1068970-397C-45F5-873A-72DFC8890C8E}.Debug|Any CPU.ActiveCfg = Debug|Any CPU
		{E1068970-397C-45F5-873A-72DFC8890C8E}.Debug|Any CPU.Build.0 = Debug|Any CPU
		{E1068970-397C-45F5-873A-72DFC8890C8E}.Release|Any CPU.ActiveCfg = Release|Any CPU
		{E1068970-397C-45F5-873A-72DFC8890C8E}.Release|Any CPU.Build.0 = Release|Any CPU
	EndGlobalSection
	GlobalSection(SolutionProperties) = preSolution
		HideSolutionNode = FALSE
	EndGlobalSection
	GlobalSection(ExtensibilityGlobals) = postSolution
		SolutionGuid = {0DD61932-80CD-4D21-B674-21AA7F341947}
	EndGlobalSection
EndGlobal
